
Microsoft Visual Studio Solution File, Format Version 12.00
# Visual Studio Version 16
VisualStudioVersion = 16.0.29920.165
MinimumVisualStudioVersion = 10.0.40219.1
Project("{FAE04EC0-301F-11D3-BF4B-00C04F79EFBC}") = "serialport", "serialport\serialport.csproj", "{A6D3CF4B-6595-4C3C-B372-08A5624A2066}"
EndProject
Global
	GlobalSection(SolutionConfigurationPlatforms) = preSolution
		Debug|Any CPU = Debug|Any CPU
		Release|Any CPU = Release|Any CPU
	EndGlobalSection
	GlobalSection(ProjectConfigurationPlatforms) = postSolution
		{A6D3CF4B-6595-4C3C-B372-08A5624A2066}.Debug|Any CPU.ActiveCfg = Debug|Any CPU
		{A6D3CF4B-6595-4C3C-B372-08A5624A2066}.Debug|Any CPU.Build.0 = Debug|Any CPU
		{A6D3CF4B-6595-4C3C-B372-08A5624A2066}.Release|Any CPU.ActiveCfg = Release|Any CPU
		{A6D3CF4B-6595-4C3C-B372-08A5624A2066}.Release|Any CPU.Build.0 = Release|Any CPU
	EndGlobalSection
	GlobalSection(SolutionProperties) = preSolution
		HideSolutionNode = FALSE
	EndGlobalSection
	GlobalSection(ExtensibilityGlobals) = postSolution
		SolutionGuid = {9B86B19B-9F9F-49FF-A957-5D09C5E71ECD}
	EndGlobalSection
EndGlobal
